
Microsoft Visual Studio Solution File, Format Version 12.00
Project("{FAE04EC0-301F-11D3-BF4B-00C04F79EFBC}") = "MyHomeAutomation.WebApi", "MyHomeAutomation.WebApi\MyHomeAutomation.WebApi.csproj", "{DC34C494-F908-4A24-AC6B-361EA64A7DF1}"
EndProject
Project("{2150E333-8FDC-42A3-9474-1A3956D46DE8}") = "deploy", "deploy", "{308A4255-F4AD-4333-B401-24864B4C0372}"
	ProjectSection(SolutionItems) = preProject
		deploy.sh = deploy.sh
		docker-compose.yaml = docker-compose.yaml
		docker-compose.ArmV7.yaml = docker-compose.ArmV7.yaml
		docker-compose.override.yaml = docker-compose.override.yaml
	EndProjectSection
EndProject
Global
	GlobalSection(SolutionConfigurationPlatforms) = preSolution
		Debug|Any CPU = Debug|Any CPU
		Release|Any CPU = Release|Any CPU
	EndGlobalSection
	GlobalSection(ProjectConfigurationPlatforms) = postSolution
		{DC34C494-F908-4A24-AC6B-361EA64A7DF1}.Debug|Any CPU.ActiveCfg = Debug|Any CPU
		{DC34C494-F908-4A24-AC6B-361EA64A7DF1}.Debug|Any CPU.Build.0 = Debug|Any CPU
		{DC34C494-F908-4A24-AC6B-361EA64A7DF1}.Release|Any CPU.ActiveCfg = Release|Any CPU
		{DC34C494-F908-4A24-AC6B-361EA64A7DF1}.Release|Any CPU.Build.0 = Release|Any CPU
	EndGlobalSection
EndGlobal
